
Microsoft Visual Studio Solution File, Format Version 12.00
# Visual Studio Version 17
VisualStudioVersion = 17.2.32519.379
MinimumVisualStudioVersion = 10.0.40219.1
Project("{9A19103F-16F7-4668-BE54-9A1E7A4F7556}") = "UrlShorter", "UrlShorter\UrlShorter.csproj", "{12B543C4-5861-4BA8-96D0-693A0EB4215E}"
EndProject
Project("{FAE04EC0-301F-11D3-BF4B-00C04F79EFBC}") = "UrlShorter.Test", "UrlShorter.Test\UrlShorter.Test.csproj", "{F00C1B9C-A04F-44B4-82E2-1703541C371A}"
EndProject
Global
	GlobalSection(SolutionConfigurationPlatforms) = preSolution
		Debug|Any CPU = Debug|Any CPU
		Release|Any CPU = Release|Any CPU
	EndGlobalSection
	GlobalSection(ProjectConfigurationPlatforms) = postSolution
		{12B543C4-5861-4BA8-96D0-693A0EB4215E}.Debug|Any CPU.ActiveCfg = Debug|Any CPU
		{12B543C4-5861-4BA8-96D0-693A0EB4215E}.Debug|Any CPU.Build.0 = Debug|Any CPU
		{12B543C4-5861-4BA8-96D0-693A0EB4215E}.Release|Any CPU.ActiveCfg = Release|Any CPU
		{12B543C4-5861-4BA8-96D0-693A0EB4215E}.Release|Any CPU.Build.0 = Release|Any CPU
		{F00C1B9C-A04F-44B4-82E2-1703541C371A}.Debug|Any CPU.ActiveCfg = Debug|Any CPU
		{F00C1B9C-A04F-44B4-82E2-1703541C371A}.Debug|Any CPU.Build.0 = Debug|Any CPU
		{F00C1B9C-A04F-44B4-82E2-1703541C371A}.Release|Any CPU.ActiveCfg = Release|Any CPU
		{F00C1B9C-A04F-44B4-82E2-1703541C371A}.Release|Any CPU.Build.0 = Release|Any CPU
	EndGlobalSection
	GlobalSection(SolutionProperties) = preSolution
		HideSolutionNode = FALSE
	EndGlobalSection
	GlobalSection(ExtensibilityGlobals) = postSolution
		SolutionGuid = {A66F7E56-C4B8-43F1-A508-CE169ECB260E}
	EndGlobalSection
EndGlobal
